
Microsoft Visual Studio Solution File, Format Version 12.00
# Visual Studio Version 16
VisualStudioVersion = 16.0.30907.101
MinimumVisualStudioVersion = 10.0.40219.1
Project("{FAE04EC0-301F-11D3-BF4B-00C04F79EFBC}") = "ClassMetotDemo", "ClassMetotDemo\ClassMetotDemo.csproj", "{9F5F58A8-0682-41A3-9B22-FFF22E8CA5A1}"
EndProject
Global
	GlobalSection(SolutionConfigurationPlatforms) = preSolution
		Debug|Any CPU = Debug|Any CPU
		Release|Any CPU = Release|Any CPU
	EndGlobalSection
	GlobalSection(ProjectConfigurationPlatforms) = postSolution
		{9F5F58A8-0682-41A3-9B22-FFF22E8CA5A1}.Debug|Any CPU.ActiveCfg = Debug|Any CPU
		{9F5F58A8-0682-41A3-9B22-FFF22E8CA5A1}.Debug|Any CPU.Build.0 = Debug|Any CPU
		{9F5F58A8-0682-41A3-9B22-FFF22E8CA5A1}.Release|Any CPU.ActiveCfg = Release|Any CPU
		{9F5F58A8-0682-41A3-9B22-FFF22E8CA5A1}.Release|Any CPU.Build.0 = Release|Any CPU
	EndGlobalSection
	GlobalSection(SolutionProperties) = preSolution
		HideSolutionNode = FALSE
	EndGlobalSection
	GlobalSection(ExtensibilityGlobals) = postSolution
		SolutionGuid = {C6F55C26-22B0-4B98-87A6-64D3B89634A7}
	EndGlobalSection
EndGlobal
